
Microsoft Visual Studio Solution File, Format Version 12.00
# Visual Studio Version 17
VisualStudioVersion = 17.8.34511.84
MinimumVisualStudioVersion = 10.0.40219.1
Project("{FAE04EC0-301F-11D3-BF4B-00C04F79EFBC}") = "demo", "demo\demo.csproj", "{C481A597-877C-41DD-944C-2911E40ADCBE}"
EndProject
Project("{FAE04EC0-301F-11D3-BF4B-00C04F79EFBC}") = "demo.Database", "demo.Database\demo.Database.csproj", "{FEA3547F-664D-408C-841D-4267370A079B}"
EndProject
Project("{FAE04EC0-301F-11D3-BF4B-00C04F79EFBC}") = "demo.Repositories", "demo.Repositories\demo.Repositories.csproj", "{5F5FBDFD-C33E-4558-BB29-CD1C5DD7CEBE}"
EndProject
Project("{FAE04EC0-301F-11D3-BF4B-00C04F79EFBC}") = "demo.Services", "demo.Services\demo.Services.csproj", "{FFDDD92A-ADA5-4F0B-8799-9C8BBCA0339D}"
EndProject
Global
	GlobalSection(SolutionConfigurationPlatforms) = preSolution
		Debug|Any CPU = Debug|Any CPU
		Release|Any CPU = Release|Any CPU
	EndGlobalSection
	GlobalSection(ProjectConfigurationPlatforms) = postSolution
		{C481A597-877C-41DD-944C-2911E40ADCBE}.Debug|Any CPU.ActiveCfg = Debug|Any CPU
		{C481A597-877C-41DD-944C-2911E40ADCBE}.Debug|Any CPU.Build.0 = Debug|Any CPU
		{C481A597-877C-41DD-944C-2911E40ADCBE}.Release|Any CPU.ActiveCfg = Release|Any CPU
		{C481A597-877C-41DD-944C-2911E40ADCBE}.Release|Any CPU.Build.0 = Release|Any CPU
		{FEA3547F-664D-408C-841D-4267370A079B}.Debug|Any CPU.ActiveCfg = Debug|Any CPU
		{FEA3547F-664D-408C-841D-4267370A079B}.Debug|Any CPU.Build.0 = Debug|Any CPU
		{FEA3547F-664D-408C-841D-4267370A079B}.Release|Any CPU.ActiveCfg = Release|Any CPU
		{FEA3547F-664D-408C-841D-4267370A079B}.Release|Any CPU.Build.0 = Release|Any CPU
		{5F5FBDFD-C33E-4558-BB29-CD1C5DD7CEBE}.Debug|Any CPU.ActiveCfg = Debug|Any CPU
		{5F5FBDFD-C33E-4558-BB29-CD1C5DD7CEBE}.Debug|Any CPU.Build.0 = Debug|Any CPU
		{5F5FBDFD-C33E-4558-BB29-CD1C5DD7CEBE}.Release|Any CPU.ActiveCfg = Release|Any CPU
		{5F5FBDFD-C33E-4558-BB29-CD1C5DD7CEBE}.Release|Any CPU.Build.0 = Release|Any CPU
		{FFDDD92A-ADA5-4F0B-8799-9C8BBCA0339D}.Debug|Any CPU.ActiveCfg = Debug|Any CPU
		{FFDDD92A-ADA5-4F0B-8799-9C8BBCA0339D}.Debug|Any CPU.Build.0 = Debug|Any CPU
		{FFDDD92A-ADA5-4F0B-8799-9C8BBCA0339D}.Release|Any CPU.ActiveCfg = Release|Any CPU
		{FFDDD92A-ADA5-4F0B-8799-9C8BBCA0339D}.Release|Any CPU.Build.0 = Release|Any CPU
	EndGlobalSection
	GlobalSection(SolutionProperties) = preSolution
		HideSolutionNode = FALSE
	EndGlobalSection
	GlobalSection(ExtensibilityGlobals) = postSolution
		SolutionGuid = {809989FA-1A8C-44D8-9FD6-D5B20CFE3464}
	EndGlobalSection
EndGlobal
